{
  "name": "@tsonic/js-globals",
  "version": "0.2.2",
  "lockfileVersion": 3,
  "requires": true,
  "packages": {
    "": {
      "name": "@tsonic/js-globals",
      "version": "0.2.2",
      "license": "MIT",
      "dependencies": {
        "@tsonic/types": "^0.3.1"
      },
      "devDependencies": {
        "typescript": "^5.0.0"
      }
    },
    "node_modules/@tsonic/types": {
      "version": "0.3.1",
      "resolved": "https://registry.npmjs.org/@tsonic/types/-/types-0.3.1.tgz",
      "integrity": "sha512-irXnopF+1PMPNUrtlSfploxEurZLPFntqd/YTCilh2uviyHS0mhMwG6u2ea6cVeAYfpw75q/EI6vbi8u7ImZCw==",
      "license": "MIT"
    },
    "node_modules/typescript": {
      "version": "5.9.3",
      "resolved": "https://registry.npmjs.org/typescript/-/typescript-5.9.3.tgz",
      "integrity": "sha512-jl1vZzPDinLr9eUt3J/t7V6FgNEw9QjvBPdysz9KfQDD41fQrC2Y4vKQdiaUpFT4bXlb1RHhLpp8wtm6M5TgSw==",
      "dev": true,
      "license": "Apache-2.0",
      "bin": {
        "tsc": "bin/tsc",
        "tsserver": "bin/tsserver"
      },
      "engines": {
        "node": ">=14.17"
      }
    }
  }
}
